{
  "originHash" : "c3394334d83588513cc38673d5ded2425ca40911cfa0afe10d2496a4d9b5cd53",
  "pins" : [
    {
      "identity" : "highlighterswift",
      "kind" : "remoteSourceControl",
      "location" : "https://github.com/smittytone/HighlighterSwift",
      "state" : {
        "revision" : "6c51eb35908f4876a9a8d444a0c800632351d0ba",
        "version" : "3.0.0"
      }
    },
    {
      "identity" : "observationscompat",
      "kind" : "remoteSourceControl",
      "location" : "https://github.com/lynnswap/ObservationsCompat",
      "state" : {
        "revision" : "294bf158024987beba892ef24dd2a17a86c66b5e",
        "version" : "0.1.1"
      }
    }
  ],
  "version" : 3
}
