{
  "originHash" : "21fbafb526ecce9c00943556277f56a9e2be932408de9c817460fe79e523188c",
  "pins" : [
    {
      "identity" : "highlighterswift",
      "kind" : "remoteSourceControl",
      "location" : "https://github.com/smittytone/HighlighterSwift",
      "state" : {
        "revision" : "6c51eb35908f4876a9a8d444a0c800632351d0ba",
        "version" : "3.0.0"
      }
    }
  ],
  "version" : 3
}
