{
  "originHash" : "98f2d412b41a41ddb5aaa2d7cacc1b7f8458a9ee21b8dd04e94b3e1d69c2afe8",
  "pins" : [
    {
      "identity" : "highlighterswift",
      "kind" : "remoteSourceControl",
      "location" : "https://github.com/smittytone/HighlighterSwift",
      "state" : {
        "revision" : "6c51eb35908f4876a9a8d444a0c800632351d0ba",
        "version" : "3.0.0"
      }
    },
    {
      "identity" : "observationscompat",
      "kind" : "remoteSourceControl",
      "location" : "https://github.com/lynnswap/ObservationsCompat",
      "state" : {
        "revision" : "294bf158024987beba892ef24dd2a17a86c66b5e",
        "version" : "0.1.1"
      }
    }
  ],
  "version" : 3
}
