{
  "originHash" : "4b82f9745c43982728cae487d150a1799794feb07b2585df765adfde2974c56d",
  "pins" : [
    {
      "identity" : "highlighterswift",
      "kind" : "remoteSourceControl",
      "location" : "https://github.com/smittytone/HighlighterSwift",
      "state" : {
        "revision" : "6c51eb35908f4876a9a8d444a0c800632351d0ba",
        "version" : "3.0.0"
      }
    }
  ],
  "version" : 3
}
